// !$*UTF8*$!
{
	archiveVersion = 1;
	classes = {
	};
	objectVersion = 50;
	objects = {

/* Begin PBXBuildFile section */
		12755E17215DBDFF000938DC /* AppDelegate.swift in Sources */ = {isa = PBXBuildFile; fileRef = 12755E16215DBDFF000938DC /* AppDelegate.swift */; };
		12755E19215DBDFF000938DC /* ViewController.swift in Sources */ = {isa = PBXBuildFile; fileRef = 12755E18215DBDFF000938DC /* ViewController.swift */; };
		12755E1C215DBDFF000938DC /* Main.storyboard in Resources */ = {isa = PBXBuildFile; fileRef = 12755E1A215DBDFF000938DC /* Main.storyboard */; };
		12755E1E215DBE03000938DC /* Assets.xcassets in Resources */ = {isa = PBXBuildFile; fileRef = 12755E1D215DBE03000938DC /* Assets.xcassets */; };
		12755E21215DBE03000938DC /* LaunchScreen.storyboard in Resources */ = {isa = PBXBuildFile; fileRef = 12755E1F215DBE03000938DC /* LaunchScreen.storyboard */; };
		12755E2C215DBE03000938DC /* learnswif8Tests.swift in Sources */ = {isa = PBXBuildFile; fileRef = 12755E2B215DBE03000938DC /* learnswif8Tests.swift */; };
		12755E37215DBE03000938DC /* learnswif8UITests.swift in Sources */ = {isa = PBXBuildFile; fileRef = 12755E36215DBE03000938DC /* learnswif8UITests.swift */; };
/* End PBXBuildFile section */

/* Begin PBXContainerItemProxy section */
		12755E28215DBE03000938DC /* PBXContainerItemProxy */ = {
			isa = PBXContainerItemProxy;
			containerPortal = 12755E0B215DBDFF000938DC /* Project object */;
			proxyType = 1;
			remoteGlobalIDString = 12755E12215DBDFF000938DC;
			remoteInfo = learnswif8;
		};
		12755E33215DBE03000938DC /* PBXContainerItemProxy */ = {
			isa = PBXContainerItemProxy;
			containerPortal = 12755E0B215DBDFF000938DC /* Project object */;
			proxyType = 1;
			remoteGlobalIDString = 12755E12215DBDFF000938DC;
			remoteInfo = learnswif8;
		};
/* End PBXContainerItemProxy section */

/* Begin PBXFileReference section */
		12755E13215DBDFF000938DC /* learnswif8.app */ = {isa = PBXFileReference; explicitFileType = wrapper.application; includeInIndex = 0; path = learnswif8.app; sourceTree = BUILT_PRODUCTS_DIR; };
		12755E16215DBDFF000938DC /* AppDelegate.swift */ = {isa = PBXFileReference; lastKnownFileType = sourcecode.swift; path = AppDelegate.swift; sourceTree = "<group>"; };
		12755E18215DBDFF000938DC /* ViewController.swift */ = {isa = PBXFileReference; lastKnownFileType = sourcecode.swift; path = ViewController.swift; sourceTree = "<group>"; };
		12755E1B215DBDFF000938DC /* Base */ = {isa = PBXFileReference; lastKnownFileType = file.storyboard; name = Base; path = Base.lproj/Main.storyboard; sourceTree = "<group>"; };
		12755E1D215DBE03000938DC /* Assets.xcassets */ = {isa = PBXFileReference; lastKnownFileType = folder.assetcatalog; path = Assets.xcassets; sourceTree = "<group>"; };
		12755E20215DBE03000938DC /* Base */ = {isa = PBXFileReference; lastKnownFileType = file.storyboard; name = Base; path = Base.lproj/LaunchScreen.storyboard; sourceTree = "<group>"; };
		12755E22215DBE03000938DC /* Info.plist */ = {isa = PBXFileReference; lastKnownFileType = text.plist.xml; path = Info.plist; sourceTree = "<group>"; };
		12755E27215DBE03000938DC /* learnswif8Tests.xctest */ = {isa = PBXFileReference; explicitFileType = wrapper.cfbundle; includeInIndex = 0; path = learnswif8Tests.xctest; sourceTree = BUILT_PRODUCTS_DIR; };
		12755E2B215DBE03000938DC /* learnswif8Tests.swift */ = {isa = PBXFileReference; lastKnownFileType = sourcecode.swift; path = learnswif8Tests.swift; sourceTree = "<group>"; };
		12755E2D215DBE03000938DC /* Info.plist */ = {isa = PBXFileReference; lastKnownFileType = text.plist.xml; path = Info.plist; sourceTree = "<group>"; };
		12755E32215DBE03000938DC /* learnswif8UITests.xctest */ = {isa = PBXFileReference; explicitFileType = wrapper.cfbundle; includeInIndex = 0; path = learnswif8UITests.xctest; sourceTree = BUILT_PRODUCTS_DIR; };
		12755E36215DBE03000938DC /* learnswif8UITests.swift */ = {isa = PBXFileReference; lastKnownFileType = sourcecode.swift; path = learnswif8UITests.swift; sourceTree = "<group>"; };
		12755E38215DBE03000938DC /* Info.plist */ = {isa = PBXFileReference; lastKnownFileType = text.plist.xml; path = Info.plist; sourceTree = "<group>"; };
/* End PBXFileReference section */

/* Begin PBXFrameworksBuildPhase section */
		12755E10215DBDFF000938DC /* Frameworks */ = {
			isa = PBXFrameworksBuildPhase;
			buildActionMask = 2147483647;
			files = (
			);
			runOnlyForDeploymentPostprocessing = 0;
		};
		12755E24215DBE03000938DC /* Frameworks */ = {
			isa = PBXFrameworksBuildPhase;
			buildActionMask = 2147483647;
			files = (
			);
			runOnlyForDeploymentPostprocessing = 0;
		};
		12755E2F215DBE03000938DC /* Frameworks */ = {
			isa = PBXFrameworksBuildPhase;
			buildActionMask = 2147483647;
			files = (
			);
			runOnlyForDeploymentPostprocessing = 0;
		};
/* End PBXFrameworksBuildPhase section */

/* Begin PBXGroup section */
		12755E0A215DBDFF000938DC = {
			isa = PBXGroup;
			children = (
				12755E15215DBDFF000938DC /* learnswif8 */,
				12755E2A215DBE03000938DC /* learnswif8Tests */,
				12755E35215DBE03000938DC /* learnswif8UITests */,
				12755E14215DBDFF000938DC /* Products */,
			);
			sourceTree = "<group>";
		};
		12755E14215DBDFF000938DC /* Products */ = {
			isa = PBXGroup;
			children = (
				12755E13215DBDFF000938DC /* learnswif8.app */,
				12755E27215DBE03000938DC /* learnswif8Tests.xctest */,
				12755E32215DBE03000938DC /* learnswif8UITests.xctest */,
			);
			name = Products;
			sourceTree = "<group>";
		};
		12755E15215DBDFF000938DC /* learnswif8 */ = {
			isa = PBXGroup;
			children = (
				12755E16215DBDFF000938DC /* AppDelegate.swift */,
				12755E18215DBDFF000938DC /* ViewController.swift */,
				12755E1A215DBDFF000938DC /* Main.storyboard */,
				12755E1D215DBE03000938DC /* Assets.xcassets */,
				12755E1F215DBE03000938DC /* LaunchScreen.storyboard */,
				12755E22215DBE03000938DC /* Info.plist */,
			);
			path = learnswif8;
			sourceTree = "<group>";
		};
		12755E2A215DBE03000938DC /* learnswif8Tests */ = {
			isa = PBXGroup;
			children = (
				12755E2B215DBE03000938DC /* learnswif8Tests.swift */,
				12755E2D215DBE03000938DC /* Info.plist */,
			);
			path = learnswif8Tests;
			sourceTree = "<group>";
		};
		12755E35215DBE03000938DC /* learnswif8UITests */ = {
			isa = PBXGroup;
			children = (
				12755E36215DBE03000938DC /* learnswif8UITests.swift */,
				12755E38215DBE03000938DC /* Info.plist */,
			);
			path = learnswif8UITests;
			sourceTree = "<group>";
		};
/* End PBXGroup section */

/* Begin PBXNativeTarget section */
		12755E12215DBDFF000938DC /* learnswif8 */ = {
			isa = PBXNativeTarget;
			buildConfigurationList = 12755E3B215DBE03000938DC /* Build configuration list for PBXNativeTarget "learnswif8" */;
			buildPhases = (
				12755E0F215DBDFF000938DC /* Sources */,
				12755E10215DBDFF000938DC /* Frameworks */,
				12755E11215DBDFF000938DC /* Resources */,
			);
			buildRules = (
			);
			dependencies = (
			);
			name = learnswif8;
			productName = learnswif8;
			productReference = 12755E13215DBDFF000938DC /* learnswif8.app */;
			productType = "com.apple.product-type.application";
		};
		12755E26215DBE03000938DC /* learnswif8Tests */ = {
			isa = PBXNativeTarget;
			buildConfigurationList = 12755E3E215DBE03000938DC /* Build configuration list for PBXNativeTarget "learnswif8Tests" */;
			buildPhases = (
				12755E23215DBE03000938DC /* Sources */,
				12755E24215DBE03000938DC /* Frameworks */,
				12755E25215DBE03000938DC /* Resources */,
			);
			buildRules = (
			);
			dependencies = (
				12755E29215DBE03000938DC /* PBXTargetDependency */,
			);
			name = learnswif8Tests;
			productName = learnswif8Tests;
			productReference = 12755E27215DBE03000938DC /* learnswif8Tests.xctest */;
			productType = "com.apple.product-type.bundle.unit-test";
		};
		12755E31215DBE03000938DC /* learnswif8UITests */ = {
			isa = PBXNativeTarget;
			buildConfigurationList = 12755E41215DBE03000938DC /* Build configuration list for PBXNativeTarget "learnswif8UITests" */;
			buildPhases = (
				12755E2E215DBE03000938DC /* Sources */,
				12755E2F215DBE03000938DC /* Frameworks */,
				12755E30215DBE03000938DC /* Resources */,
			);
			buildRules = (
			);
			dependencies = (
				12755E34215DBE03000938DC /* PBXTargetDependency */,
			);
			name = learnswif8UITests;
			productName = learnswif8UITests;
			productReference = 12755E32215DBE03000938DC /* learnswif8UITests.xctest */;
			productType = "com.apple.product-type.bundle.ui-testing";
		};
/* End PBXNativeTarget section */

/* Begin PBXProject section */
		12755E0B215DBDFF000938DC /* Project object */ = {
			isa = PBXProject;
			attributes = {
				LastSwiftUpdateCheck = 1000;
				LastUpgradeCheck = 1000;
				ORGANIZATIONNAME = "鲁祥";
				TargetAttributes = {
					12755E12215DBDFF000938DC = {
						CreatedOnToolsVersion = 10.0;
					};
					12755E26215DBE03000938DC = {
						CreatedOnToolsVersion = 10.0;
						TestTargetID = 12755E12215DBDFF000938DC;
					};
					12755E31215DBE03000938DC = {
						CreatedOnToolsVersion = 10.0;
						TestTargetID = 12755E12215DBDFF000938DC;
					};
				};
			};
			buildConfigurationList = 12755E0E215DBDFF000938DC /* Build configuration list for PBXProject "learnswif8" */;
			compatibilityVersion = "Xcode 9.3";
			developmentRegion = en;
			hasScannedForEncodings = 0;
			knownRegions = (
				en,
				Base,
			);
			mainGroup = 12755E0A215DBDFF000938DC;
			productRefGroup = 12755E14215DBDFF000938DC /* Products */;
			projectDirPath = "";
			projectRoot = "";
			targets = (
				12755E12215DBDFF000938DC /* learnswif8 */,
				12755E26215DBE03000938DC /* learnswif8Tests */,
				12755E31215DBE03000938DC /* learnswif8UITests */,
			);
		};
/* End PBXProject section */

/* Begin PBXResourcesBuildPhase section */
		12755E11215DBDFF000938DC /* Resources */ = {
			isa = PBXResourcesBuildPhase;
			buildActionMask = 2147483647;
			files = (
				12755E21215DBE03000938DC /* LaunchScreen.storyboard in Resources */,
				12755E1E215DBE03000938DC /* Assets.xcassets in Resources */,
				12755E1C215DBDFF000938DC /* Main.storyboard in Resources */,
			);
			runOnlyForDeploymentPostprocessing = 0;
		};
		12755E25215DBE03000938DC /* Resources */ = {
			isa = PBXResourcesBuildPhase;
			buildActionMask = 2147483647;
			files = (
			);
			runOnlyForDeploymentPostprocessing = 0;
		};
		12755E30215DBE03000938DC /* Resources */ = {
			isa = PBXResourcesBuildPhase;
			buildActionMask = 2147483647;
			files = (
			);
			runOnlyForDeploymentPostprocessing = 0;
		};
/* End PBXResourcesBuildPhase section */

/* Begin PBXSourcesBuildPhase section */
		12755E0F215DBDFF000938DC /* Sources */ = {
			isa = PBXSourcesBuildPhase;
			buildActionMask = 2147483647;
			files = (
				12755E19215DBDFF000938DC /* ViewController.swift in Sources */,
				12755E17215DBDFF000938DC /* AppDelegate.swift in Sources */,
			);
			runOnlyForDeploymentPostprocessing = 0;
		};
		12755E23215DBE03000938DC /* Sources */ = {
			isa = PBXSourcesBuildPhase;
			buildActionMask = 2147483647;
			files = (
				12755E2C215DBE03000938DC /* learnswif8Tests.swift in Sources */,
			);
			runOnlyForDeploymentPostprocessing = 0;
		};
		12755E2E215DBE03000938DC /* Sources */ = {
			isa = PBXSourcesBuildPhase;
			buildActionMask = 2147483647;
			files = (
				12755E37215DBE03000938DC /* learnswif8UITests.swift in Sources */,
			);
			runOnlyForDeploymentPostprocessing = 0;
		};
/* End PBXSourcesBuildPhase section */

/* Begin PBXTargetDependency section */
		12755E29215DBE03000938DC /* PBXTargetDependency */ = {
			isa = PBXTargetDependency;
			target = 12755E12215DBDFF000938DC /* learnswif8 */;
			targetProxy = 12755E28215DBE03000938DC /* PBXContainerItemProxy */;
		};
		12755E34215DBE03000938DC /* PBXTargetDependency */ = {
			isa = PBXTargetDependency;
			target = 12755E12215DBDFF000938DC /* learnswif8 */;
			targetProxy = 12755E33215DBE03000938DC /* PBXContainerItemProxy */;
		};
/* End PBXTargetDependency section */

/* Begin PBXVariantGroup section */
		12755E1A215DBDFF000938DC /* Main.storyboard */ = {
			isa = PBXVariantGroup;
			children = (
				12755E1B215DBDFF000938DC /* Base */,
			);
			name = Main.storyboard;
			sourceTree = "<group>";
		};
		12755E1F215DBE03000938DC /* LaunchScreen.storyboard */ = {
			isa = PBXVariantGroup;
			children = (
				12755E20215DBE03000938DC /* Base */,
			);
			name = LaunchScreen.storyboard;
			sourceTree = "<group>";
		};
/* End PBXVariantGroup section */

/* Begin XCBuildConfiguration section */
		12755E39215DBE03000938DC /* Debug */ = {
			isa = XCBuildConfiguration;
			buildSettings = {
				ALWAYS_SEARCH_USER_PATHS = NO;
				CLANG_ANALYZER_NONNULL = YES;
				CLANG_ANALYZER_NUMBER_OBJECT_CONVERSION = YES_AGGRESSIVE;
				CLANG_CXX_LANGUAGE_STANDARD = "gnu++14";
				CLANG_CXX_LIBRARY = "libc++";
				CLANG_ENABLE_MODULES = YES;
				CLANG_ENABLE_OBJC_ARC = YES;
				CLANG_ENABLE_OBJC_WEAK = YES;
				CLANG_WARN_BLOCK_CAPTURE_AUTORELEASING = YES;
				CLANG_WARN_BOOL_CONVERSION = YES;
				CLANG_WARN_COMMA = YES;
				CLANG_WARN_CONSTANT_CONVERSION = YES;
				CLANG_WARN_DEPRECATED_OBJC_IMPLEMENTATIONS = YES;
				CLANG_WARN_DIRECT_OBJC_ISA_USAGE = YES_ERROR;
				CLANG_WARN_DOCUMENTATION_COMMENTS = YES;
				CLANG_WARN_EMPTY_BODY = YES;
				CLANG_WARN_ENUM_CONVERSION = YES;
				CLANG_WARN_INFINITE_RECURSION = YES;
				CLANG_WARN_INT_CONVERSION = YES;
				CLANG_WARN_NON_LITERAL_NULL_CONVERSION = YES;
				CLANG_WARN_OBJC_IMPLICIT_RETAIN_SELF = YES;
				CLANG_WARN_OBJC_LITERAL_CONVERSION = YES;
				CLANG_WARN_OBJC_ROOT_CLASS = YES_ERROR;
				CLANG_WARN_RANGE_LOOP_ANALYSIS = YES;
				CLANG_WARN_STRICT_PROTOTYPES = YES;
				CLANG_WARN_SUSPICIOUS_MOVE = YES;
				CLANG_WARN_UNGUARDED_AVAILABILITY = YES_AGGRESSIVE;
				CLANG_WARN_UNREACHABLE_CODE = YES;
				CLANG_WARN__DUPLICATE_METHOD_MATCH = YES;
				CODE_SIGN_IDENTITY = "iPhone Developer";
				COPY_PHASE_STRIP = NO;
				DEBUG_INFORMATION_FORMAT = dwarf;
				ENABLE_STRICT_OBJC_MSGSEND = YES;
				ENABLE_TESTABILITY = YES;
				GCC_C_LANGUAGE_STANDARD = gnu11;
				GCC_DYNAMIC_NO_PIC = NO;
				GCC_NO_COMMON_BLOCKS = YES;
				GCC_OPTIMIZATION_LEVEL = 0;
				GCC_PREPROCESSOR_DEFINITIONS = (
					"DEBUG=1",
					"$(inherited)",
				);
				GCC_WARN_64_TO_32_BIT_CONVERSION = YES;
				GCC_WARN_ABOUT_RETURN_TYPE = YES_ERROR;
				GCC_WARN_UNDECLARED_SELECTOR = YES;
				GCC_WARN_UNINITIALIZED_AUTOS = YES_AGGRESSIVE;
				GCC_WARN_UNUSED_FUNCTION = YES;
				GCC_WARN_UNUSED_VARIABLE = YES;
				IPHONEOS_DEPLOYMENT_TARGET = 12.0;
				MTL_ENABLE_DEBUG_INFO = INCLUDE_SOURCE;
				MTL_FAST_MATH = YES;
				ONLY_ACTIVE_ARCH = YES;
				SDKROOT = iphoneos;
				SWIFT_ACTIVE_COMPILATION_CONDITIONS = DEBUG;
				SWIFT_OPTIMIZATION_LEVEL = "-Onone";
			};
			name = Debug;
		};
		12755E3A215DBE03000938DC /* Release */ = {
			isa = XCBuildConfiguration;
			buildSettings = {
				ALWAYS_SEARCH_USER_PATHS = NO;
				CLANG_ANALYZER_NONNULL = YES;
				CLANG_ANALYZER_NUMBER_OBJECT_CONVERSION = YES_AGGRESSIVE;
				CLANG_CXX_LANGUAGE_STANDARD = "gnu++14";
				CLANG_CXX_LIBRARY = "libc++";
				CLANG_ENABLE_MODULES = YES;
				CLANG_ENABLE_OBJC_ARC = YES;
				CLANG_ENABLE_OBJC_WEAK = YES;
				CLANG_WARN_BLOCK_CAPTURE_AUTORELEASING = YES;
				CLANG_WARN_BOOL_CONVERSION = YES;
				CLANG_WARN_COMMA = YES;
				CLANG_WARN_CONSTANT_CONVERSION = YES;
				CLANG_WARN_DEPRECATED_OBJC_IMPLEMENTATIONS = YES;
				CLANG_WARN_DIRECT_OBJC_ISA_USAGE = YES_ERROR;
				CLANG_WARN_DOCUMENTATION_COMMENTS = YES;
				CLANG_WARN_EMPTY_BODY = YES;
				CLANG_WARN_ENUM_CONVERSION = YES;
				CLANG_WARN_INFINITE_RECURSION = YES;
				CLANG_WARN_INT_CONVERSION = YES;
				CLANG_WARN_NON_LITERAL_NULL_CONVERSION = YES;
				CLANG_WARN_OBJC_IMPLICIT_RETAIN_SELF = YES;
				CLANG_WARN_OBJC_LITERAL_CONVERSION = YES;
				CLANG_WARN_OBJC_ROOT_CLASS = YES_ERROR;
				CLANG_WARN_RANGE_LOOP_ANALYSIS = YES;
				CLANG_WARN_STRICT_PROTOTYPES = YES;
				CLANG_WARN_SUSPICIOUS_MOVE = YES;
				CLANG_WARN_UNGUARDED_AVAILABILITY = YES_AGGRESSIVE;
				CLANG_WARN_UNREACHABLE_CODE = YES;
				CLANG_WARN__DUPLICATE_METHOD_MATCH = YES;
				CODE_SIGN_IDENTITY = "iPhone Developer";
				COPY_PHASE_STRIP = NO;
				DEBUG_INFORMATION_FORMAT = "dwarf-with-dsym";
				ENABLE_NS_ASSERTIONS = NO;
				ENABLE_STRICT_OBJC_MSGSEND = YES;
				GCC_C_LANGUAGE_STANDARD = gnu11;
				GCC_NO_COMMON_BLOCKS = YES;
				GCC_WARN_64_TO_32_BIT_CONVERSION = YES;
				GCC_WARN_ABOUT_RETURN_TYPE = YES_ERROR;
				GCC_WARN_UNDECLARED_SELECTOR = YES;
				GCC_WARN_UNINITIALIZED_AUTOS = YES_AGGRESSIVE;
				GCC_WARN_UNUSED_FUNCTION = YES;
				GCC_WARN_UNUSED_VARIABLE = YES;
				IPHONEOS_DEPLOYMENT_TARGET = 12.0;
				MTL_ENABLE_DEBUG_INFO = NO;
				MTL_FAST_MATH = YES;
				SDKROOT = iphoneos;
				SWIFT_COMPILATION_MODE = wholemodule;
				SWIFT_OPTIMIZATION_LEVEL = "-O";
				VALIDATE_PRODUCT = YES;
			};
			name = Release;
		};
		12755E3C215DBE03000938DC /* Debug */ = {
			isa = XCBuildConfiguration;
			buildSettings = {
				ASSETCATALOG_COMPILER_APPICON_NAME = AppIcon;
				CODE_SIGN_STYLE = Automatic;
				INFOPLIST_FILE = learnswif8/Info.plist;
				LD_RUNPATH_SEARCH_PATHS = (
					"$(inherited)",
					"@executable_path/Frameworks",
				);
				PRODUCT_BUNDLE_IDENTIFIER = imnu.edu.cn.learnswif8;
				PRODUCT_NAME = "$(TARGET_NAME)";
				SWIFT_VERSION = 4.2;
				TARGETED_DEVICE_FAMILY = "1,2";
			};
			name = Debug;
		};
		12755E3D215DBE03000938DC /* Release */ = {
			isa = XCBuildConfiguration;
			buildSettings = {
				ASSETCATALOG_COMPILER_APPICON_NAME = AppIcon;
				CODE_SIGN_STYLE = Automatic;
				INFOPLIST_FILE = learnswif8/Info.plist;
				LD_RUNPATH_SEARCH_PATHS = (
					"$(inherited)",
					"@executable_path/Frameworks",
				);
				PRODUCT_BUNDLE_IDENTIFIER = imnu.edu.cn.learnswif8;
				PRODUCT_NAME = "$(TARGET_NAME)";
				SWIFT_VERSION = 4.2;
				TARGETED_DEVICE_FAMILY = "1,2";
			};
			name = Release;
		};
		12755E3F215DBE03000938DC /* Debug */ = {
			isa = XCBuildConfiguration;
			buildSettings = {
				ALWAYS_EMBED_SWIFT_STANDARD_LIBRARIES = YES;
				BUNDLE_LOADER = "$(TEST_HOST)";
				CODE_SIGN_STYLE = Automatic;
				INFOPLIST_FILE = learnswif8Tests/Info.plist;
				LD_RUNPATH_SEARCH_PATHS = (
					"$(inherited)",
					"@executable_path/Frameworks",
					"@loader_path/Frameworks",
				);
				PRODUCT_BUNDLE_IDENTIFIER = imnu.edu.cn.learnswif8Tests;
				PRODUCT_NAME = "$(TARGET_NAME)";
				SWIFT_VERSION = 4.2;
				TARGETED_DEVICE_FAMILY = "1,2";
				TEST_HOST = "$(BUILT_PRODUCTS_DIR)/learnswif8.app/learnswif8";
			};
			name = Debug;
		};
		12755E40215DBE03000938DC /* Release */ = {
			isa = XCBuildConfiguration;
			buildSettings = {
				ALWAYS_EMBED_SWIFT_STANDARD_LIBRARIES = YES;
				BUNDLE_LOADER = "$(TEST_HOST)";
				CODE_SIGN_STYLE = Automatic;
				INFOPLIST_FILE = learnswif8Tests/Info.plist;
				LD_RUNPATH_SEARCH_PATHS = (
					"$(inherited)",
					"@executable_path/Frameworks",
					"@loader_path/Frameworks",
				);
				PRODUCT_BUNDLE_IDENTIFIER = imnu.edu.cn.learnswif8Tests;
				PRODUCT_NAME = "$(TARGET_NAME)";
				SWIFT_VERSION = 4.2;
				TARGETED_DEVICE_FAMILY = "1,2";
				TEST_HOST = "$(BUILT_PRODUCTS_DIR)/learnswif8.app/learnswif8";
			};
			name = Release;
		};
		12755E42215DBE03000938DC /* Debug */ = {
			isa = XCBuildConfiguration;
			buildSettings = {
				ALWAYS_EMBED_SWIFT_STANDARD_LIBRARIES = YES;
				CODE_SIGN_STYLE = Automatic;
				INFOPLIST_FILE = learnswif8UITests/Info.plist;
				LD_RUNPATH_SEARCH_PATHS = (
					"$(inherited)",
					"@executable_path/Frameworks",
					"@loader_path/Frameworks",
				);
				PRODUCT_BUNDLE_IDENTIFIER = imnu.edu.cn.learnswif8UITests;
				PRODUCT_NAME = "$(TARGET_NAME)";
				SWIFT_VERSION = 4.2;
				TARGETED_DEVICE_FAMILY = "1,2";
				TEST_TARGET_NAME = learnswif8;
			};
			name = Debug;
		};
		12755E43215DBE03000938DC /* Release */ = {
			isa = XCBuildConfiguration;
			buildSettings = {
				ALWAYS_EMBED_SWIFT_STANDARD_LIBRARIES = YES;
				CODE_SIGN_STYLE = Automatic;
				INFOPLIST_FILE = learnswif8UITests/Info.plist;
				LD_RUNPATH_SEARCH_PATHS = (
					"$(inherited)",
					"@executable_path/Frameworks",
					"@loader_path/Frameworks",
				);
				PRODUCT_BUNDLE_IDENTIFIER = imnu.edu.cn.learnswif8UITests;
				PRODUCT_NAME = "$(TARGET_NAME)";
				SWIFT_VERSION = 4.2;
				TARGETED_DEVICE_FAMILY = "1,2";
				TEST_TARGET_NAME = learnswif8;
			};
			name = Release;
		};
/* End XCBuildConfiguration section */

/* Begin XCConfigurationList section */
		12755E0E215DBDFF000938DC /* Build configuration list for PBXProject "learnswif8" */ = {
			isa = XCConfigurationList;
			buildConfigurations = (
				12755E39215DBE03000938DC /* Debug */,
				12755E3A215DBE03000938DC /* Release */,
			);
			defaultConfigurationIsVisible = 0;
			defaultConfigurationName = Release;
		};
		12755E3B215DBE03000938DC /* Build configuration list for PBXNativeTarget "learnswif8" */ = {
			isa = XCConfigurationList;
			buildConfigurations = (
				12755E3C215DBE03000938DC /* Debug */,
				12755E3D215DBE03000938DC /* Release */,
			);
			defaultConfigurationIsVisible = 0;
			defaultConfigurationName = Release;
		};
		12755E3E215DBE03000938DC /* Build configuration list for PBXNativeTarget "learnswif8Tests" */ = {
			isa = XCConfigurationList;
			buildConfigurations = (
				12755E3F215DBE03000938DC /* Debug */,
				12755E40215DBE03000938DC /* Release */,
			);
			defaultConfigurationIsVisible = 0;
			defaultConfigurationName = Release;
		};
		12755E41215DBE03000938DC /* Build configuration list for PBXNativeTarget "learnswif8UITests" */ = {
			isa = XCConfigurationList;
			buildConfigurations = (
				12755E42215DBE03000938DC /* Debug */,
				12755E43215DBE03000938DC /* Release */,
			);
			defaultConfigurationIsVisible = 0;
			defaultConfigurationName = Release;
		};
/* End XCConfigurationList section */
	};
	rootObject = 12755E0B215DBDFF000938DC /* Project object */;
}
